{
  "name": "larave-basic-app",
  "version": "1.0.0",
  "lockfileVersion": 1,
  "requires": true,
  "dependencies": {
    "jquery": {
      "version": "3.2.1",
      "resolved": "https://registry.npmjs.org/jquery/-/jquery-3.2.1.tgz",
      "integrity": "sha1-XE2d5lKvbNCncBVKYxu6ErAVx4c="
    },
    "jquery-form-validator": {
      "version": "2.3.77",
      "resolved": "https://registry.npmjs.org/jquery-form-validator/-/jquery-form-validator-2.3.77.tgz",
      "integrity": "sha512-qO1eDoCcCmpZz2n034MIl5WPcAJgERQvMzX1o9UGccgex0hb6B6KG9JgZGp0MfIzn6l5YUErdNBzb2b7CHuJjw==",
      "requires": {
        "jquery": "3.2.1"
      }
    },
    "smokejs": {
      "version": "3.1.0",
      "resolved": "https://registry.npmjs.org/smokejs/-/smokejs-3.1.0.tgz",
      "integrity": "sha1-7A9xKzEWGdLhJ0PtQvOpd4El6Ic="
    }
  }
}
